
Microsoft Visual Studio Solution File, Format Version 12.00
Project("{FAE04EC0-301F-11D3-BF4B-00C04F79EFBC}") = "Polly.Proxy", "Polly.Proxy\Polly.Proxy.csproj", "{A92D8F2F-7A80-403B-BF6F-0838777E3594}"
EndProject
Project("{FAE04EC0-301F-11D3-BF4B-00C04F79EFBC}") = "Polly.Proxy.Tests", "Polly.Proxy.Tests\Polly.Proxy.Tests.csproj", "{877FEB0B-2DBF-4CE8-9F0C-5E9428C48D1F}"
EndProject
Global
	GlobalSection(SolutionConfigurationPlatforms) = preSolution
		Debug|Any CPU = Debug|Any CPU
		Release|Any CPU = Release|Any CPU
	EndGlobalSection
	GlobalSection(ProjectConfigurationPlatforms) = postSolution
		{A92D8F2F-7A80-403B-BF6F-0838777E3594}.Debug|Any CPU.ActiveCfg = Debug|Any CPU
		{A92D8F2F-7A80-403B-BF6F-0838777E3594}.Debug|Any CPU.Build.0 = Debug|Any CPU
		{A92D8F2F-7A80-403B-BF6F-0838777E3594}.Release|Any CPU.ActiveCfg = Release|Any CPU
		{A92D8F2F-7A80-403B-BF6F-0838777E3594}.Release|Any CPU.Build.0 = Release|Any CPU
		{877FEB0B-2DBF-4CE8-9F0C-5E9428C48D1F}.Debug|Any CPU.ActiveCfg = Debug|Any CPU
		{877FEB0B-2DBF-4CE8-9F0C-5E9428C48D1F}.Debug|Any CPU.Build.0 = Debug|Any CPU
		{877FEB0B-2DBF-4CE8-9F0C-5E9428C48D1F}.Release|Any CPU.ActiveCfg = Release|Any CPU
		{877FEB0B-2DBF-4CE8-9F0C-5E9428C48D1F}.Release|Any CPU.Build.0 = Release|Any CPU
	EndGlobalSection
EndGlobal
